
Microsoft Visual Studio Solution File, Format Version 11.00
# Visual Studio 2010
Project("{FAE04EC0-301F-11D3-BF4B-00C04F79EFBC}") = "NonConvexCollider", "NonConvexCollider.csproj", "{4f82a57f-1c72-bddd-3f34-dc32faab3c4d}"
EndProject
Project("{FAE04EC0-301F-11D3-BF4B-00C04F79EFBC}") = "CW.Common", "CW.Common.csproj", "{d37fd92d-f106-2123-261f-47ea678bae64}"
EndProject
Project("{FAE04EC0-301F-11D3-BF4B-00C04F79EFBC}") = "Assembly-CSharp", "Assembly-CSharp.csproj", "{dcc6fea7-9bf7-8eb9-4c85-31da3c9d3ffe}"
EndProject
Project("{FAE04EC0-301F-11D3-BF4B-00C04F79EFBC}") = "LeanCommon", "LeanCommon.csproj", "{ce7c96b4-bc26-12f5-05dd-400fbab3caa1}"
EndProject
Project("{FAE04EC0-301F-11D3-BF4B-00C04F79EFBC}") = "NonConvexEditor", "NonConvexEditor.csproj", "{ecd3928d-2869-becf-5c05-d8378bede710}"
EndProject
Project("{FAE04EC0-301F-11D3-BF4B-00C04F79EFBC}") = "Assembly-CSharp-firstpass", "Assembly-CSharp-firstpass.csproj", "{7dcf31cc-0ab7-68e2-750a-61b4f6fe3c91}"
EndProject
Project("{FAE04EC0-301F-11D3-BF4B-00C04F79EFBC}") = "LeanPool", "LeanPool.csproj", "{7a5aadc1-57fe-2aca-d9eb-1abc0d4dbb80}"
EndProject
Project("{FAE04EC0-301F-11D3-BF4B-00C04F79EFBC}") = "NonConvexColliderRuntimeAPI", "NonConvexColliderRuntimeAPI.csproj", "{a0c5796b-1c07-c456-c14d-44e19d7ea0e9}"
EndProject
Project("{FAE04EC0-301F-11D3-BF4B-00C04F79EFBC}") = "Assembly-CSharp-Editor", "Assembly-CSharp-Editor.csproj", "{191e85ff-d79c-7827-db7d-f1866535e563}"
EndProject
Project("{FAE04EC0-301F-11D3-BF4B-00C04F79EFBC}") = "RuntimeTestAssembly", "RuntimeTestAssembly.csproj", "{9e822b52-1fe8-be08-28b0-148f83de3698}"
EndProject
Project("{FAE04EC0-301F-11D3-BF4B-00C04F79EFBC}") = "Assembly-CSharp-Editor-firstpass", "Assembly-CSharp-Editor-firstpass.csproj", "{a131e35f-71e6-764a-9cc2-54c605085358}"
EndProject
Global
	GlobalSection(SolutionConfigurationPlatforms) = preSolution
		Debug|Any CPU = Debug|Any CPU
	EndGlobalSection
	GlobalSection(ProjectConfigurationPlatforms) = postSolution
		{4f82a57f-1c72-bddd-3f34-dc32faab3c4d}.Debug|Any CPU.ActiveCfg = Debug|Any CPU
		{4f82a57f-1c72-bddd-3f34-dc32faab3c4d}.Debug|Any CPU.Build.0 = Debug|Any CPU
		{d37fd92d-f106-2123-261f-47ea678bae64}.Debug|Any CPU.ActiveCfg = Debug|Any CPU
		{d37fd92d-f106-2123-261f-47ea678bae64}.Debug|Any CPU.Build.0 = Debug|Any CPU
		{dcc6fea7-9bf7-8eb9-4c85-31da3c9d3ffe}.Debug|Any CPU.ActiveCfg = Debug|Any CPU
		{dcc6fea7-9bf7-8eb9-4c85-31da3c9d3ffe}.Debug|Any CPU.Build.0 = Debug|Any CPU
		{ce7c96b4-bc26-12f5-05dd-400fbab3caa1}.Debug|Any CPU.ActiveCfg = Debug|Any CPU
		{ce7c96b4-bc26-12f5-05dd-400fbab3caa1}.Debug|Any CPU.Build.0 = Debug|Any CPU
		{ecd3928d-2869-becf-5c05-d8378bede710}.Debug|Any CPU.ActiveCfg = Debug|Any CPU
		{ecd3928d-2869-becf-5c05-d8378bede710}.Debug|Any CPU.Build.0 = Debug|Any CPU
		{7dcf31cc-0ab7-68e2-750a-61b4f6fe3c91}.Debug|Any CPU.ActiveCfg = Debug|Any CPU
		{7dcf31cc-0ab7-68e2-750a-61b4f6fe3c91}.Debug|Any CPU.Build.0 = Debug|Any CPU
		{7a5aadc1-57fe-2aca-d9eb-1abc0d4dbb80}.Debug|Any CPU.ActiveCfg = Debug|Any CPU
		{7a5aadc1-57fe-2aca-d9eb-1abc0d4dbb80}.Debug|Any CPU.Build.0 = Debug|Any CPU
		{a0c5796b-1c07-c456-c14d-44e19d7ea0e9}.Debug|Any CPU.ActiveCfg = Debug|Any CPU
		{a0c5796b-1c07-c456-c14d-44e19d7ea0e9}.Debug|Any CPU.Build.0 = Debug|Any CPU
		{191e85ff-d79c-7827-db7d-f1866535e563}.Debug|Any CPU.ActiveCfg = Debug|Any CPU
		{191e85ff-d79c-7827-db7d-f1866535e563}.Debug|Any CPU.Build.0 = Debug|Any CPU
		{9e822b52-1fe8-be08-28b0-148f83de3698}.Debug|Any CPU.ActiveCfg = Debug|Any CPU
		{9e822b52-1fe8-be08-28b0-148f83de3698}.Debug|Any CPU.Build.0 = Debug|Any CPU
		{a131e35f-71e6-764a-9cc2-54c605085358}.Debug|Any CPU.ActiveCfg = Debug|Any CPU
		{a131e35f-71e6-764a-9cc2-54c605085358}.Debug|Any CPU.Build.0 = Debug|Any CPU
	EndGlobalSection
	GlobalSection(SolutionProperties) = preSolution
		HideSolutionNode = FALSE
	EndGlobalSection
EndGlobal
