
Microsoft Visual Studio Solution File, Format Version 12.00
# Visual Studio 15
Project("{FAE04EC0-301F-11D3-BF4B-00C04F79EFBC}") = "NonConvexCollider", "NonConvexCollider.csproj", "{7FA5824F-721C-DDBD-3F34-DC32FAAB3C4D}"
EndProject
Project("{FAE04EC0-301F-11D3-BF4B-00C04F79EFBC}") = "Assembly-CSharp", "Assembly-CSharp.csproj", "{A7FEC6DC-F79B-B98E-4C85-31DA3C9D3FFE}"
EndProject
Project("{FAE04EC0-301F-11D3-BF4B-00C04F79EFBC}") = "NonConvexEditor", "NonConvexEditor.csproj", "{8D92D3EC-6928-CFBE-5C05-D8378BEDE710}"
EndProject
Project("{FAE04EC0-301F-11D3-BF4B-00C04F79EFBC}") = "Assembly-CSharp-firstpass", "Assembly-CSharp-firstpass.csproj", "{CC31CF7D-B70A-E268-750A-61B4F6FE3C91}"
EndProject
Project("{FAE04EC0-301F-11D3-BF4B-00C04F79EFBC}") = "NonConvexColliderRuntimeAPI", "NonConvexColliderRuntimeAPI.csproj", "{6B79C5A0-071C-56C4-C14D-44E19D7EA0E9}"
EndProject
Project("{FAE04EC0-301F-11D3-BF4B-00C04F79EFBC}") = "Assembly-CSharp-Editor", "Assembly-CSharp-Editor.csproj", "{FF851E19-9CD7-2778-DB7D-F1866535E563}"
EndProject
Project("{FAE04EC0-301F-11D3-BF4B-00C04F79EFBC}") = "RuntimeTestAssembly", "RuntimeTestAssembly.csproj", "{522B829E-E81F-08BE-28B0-148F83DE3698}"
EndProject
Global
	GlobalSection(SolutionConfigurationPlatforms) = preSolution
		Debug|Any CPU = Debug|Any CPU
		Release|Any CPU = Release|Any CPU
	EndGlobalSection
	GlobalSection(ProjectConfigurationPlatforms) = postSolution
		{7FA5824F-721C-DDBD-3F34-DC32FAAB3C4D}.Debug|Any CPU.ActiveCfg = Debug|Any CPU
		{7FA5824F-721C-DDBD-3F34-DC32FAAB3C4D}.Debug|Any CPU.Build.0 = Debug|Any CPU
		{7FA5824F-721C-DDBD-3F34-DC32FAAB3C4D}.Release|Any CPU.ActiveCfg = Release|Any CPU
		{7FA5824F-721C-DDBD-3F34-DC32FAAB3C4D}.Release|Any CPU.Build.0 = Release|Any CPU
		{A7FEC6DC-F79B-B98E-4C85-31DA3C9D3FFE}.Debug|Any CPU.ActiveCfg = Debug|Any CPU
		{A7FEC6DC-F79B-B98E-4C85-31DA3C9D3FFE}.Debug|Any CPU.Build.0 = Debug|Any CPU
		{A7FEC6DC-F79B-B98E-4C85-31DA3C9D3FFE}.Release|Any CPU.ActiveCfg = Release|Any CPU
		{A7FEC6DC-F79B-B98E-4C85-31DA3C9D3FFE}.Release|Any CPU.Build.0 = Release|Any CPU
		{8D92D3EC-6928-CFBE-5C05-D8378BEDE710}.Debug|Any CPU.ActiveCfg = Debug|Any CPU
		{8D92D3EC-6928-CFBE-5C05-D8378BEDE710}.Debug|Any CPU.Build.0 = Debug|Any CPU
		{8D92D3EC-6928-CFBE-5C05-D8378BEDE710}.Release|Any CPU.ActiveCfg = Release|Any CPU
		{8D92D3EC-6928-CFBE-5C05-D8378BEDE710}.Release|Any CPU.Build.0 = Release|Any CPU
		{CC31CF7D-B70A-E268-750A-61B4F6FE3C91}.Debug|Any CPU.ActiveCfg = Debug|Any CPU
		{CC31CF7D-B70A-E268-750A-61B4F6FE3C91}.Debug|Any CPU.Build.0 = Debug|Any CPU
		{CC31CF7D-B70A-E268-750A-61B4F6FE3C91}.Release|Any CPU.ActiveCfg = Release|Any CPU
		{CC31CF7D-B70A-E268-750A-61B4F6FE3C91}.Release|Any CPU.Build.0 = Release|Any CPU
		{6B79C5A0-071C-56C4-C14D-44E19D7EA0E9}.Debug|Any CPU.ActiveCfg = Debug|Any CPU
		{6B79C5A0-071C-56C4-C14D-44E19D7EA0E9}.Debug|Any CPU.Build.0 = Debug|Any CPU
		{6B79C5A0-071C-56C4-C14D-44E19D7EA0E9}.Release|Any CPU.ActiveCfg = Release|Any CPU
		{6B79C5A0-071C-56C4-C14D-44E19D7EA0E9}.Release|Any CPU.Build.0 = Release|Any CPU
		{FF851E19-9CD7-2778-DB7D-F1866535E563}.Debug|Any CPU.ActiveCfg = Debug|Any CPU
		{FF851E19-9CD7-2778-DB7D-F1866535E563}.Debug|Any CPU.Build.0 = Debug|Any CPU
		{FF851E19-9CD7-2778-DB7D-F1866535E563}.Release|Any CPU.ActiveCfg = Release|Any CPU
		{FF851E19-9CD7-2778-DB7D-F1866535E563}.Release|Any CPU.Build.0 = Release|Any CPU
		{522B829E-E81F-08BE-28B0-148F83DE3698}.Debug|Any CPU.ActiveCfg = Debug|Any CPU
		{522B829E-E81F-08BE-28B0-148F83DE3698}.Debug|Any CPU.Build.0 = Debug|Any CPU
		{522B829E-E81F-08BE-28B0-148F83DE3698}.Release|Any CPU.ActiveCfg = Release|Any CPU
		{522B829E-E81F-08BE-28B0-148F83DE3698}.Release|Any CPU.Build.0 = Release|Any CPU
	EndGlobalSection
	GlobalSection(SolutionProperties) = preSolution
		HideSolutionNode = FALSE
	EndGlobalSection
EndGlobal
